// !$*UTF8*$!
{
	archiveVersion = 1;
	classes = {
	};
	objectVersion = 56;
	objects = {

/* Begin PBXBuildFile section */
		A10001001 /* DSAFocusApp.swift in Sources */ = {isa = PBXBuildFile; fileRef = A10002001 /* DSAFocusApp.swift */; };
		A10001002 /* DSAPlan.swift in Sources */ = {isa = PBXBuildFile; fileRef = A10002002 /* DSAPlan.swift */; };
		A10001003 /* AppData.swift in Sources */ = {isa = PBXBuildFile; fileRef = A10002003 /* AppData.swift */; };
		A10001004 /* DataStore.swift in Sources */ = {isa = PBXBuildFile; fileRef = A10002004 /* DataStore.swift */; };
		A10001005 /* Colors.swift in Sources */ = {isa = PBXBuildFile; fileRef = A10002005 /* Colors.swift */; };
		A10001006 /* ContentView.swift in Sources */ = {isa = PBXBuildFile; fileRef = A10002006 /* ContentView.swift */; };
		A10001007 /* PlanView.swift in Sources */ = {isa = PBXBuildFile; fileRef = A10002007 /* PlanView.swift */; };
		A10001008 /* TodayView.swift in Sources */ = {isa = PBXBuildFile; fileRef = A10002008 /* TodayView.swift */; };
		A10001009 /* StatsView.swift in Sources */ = {isa = PBXBuildFile; fileRef = A10002009 /* StatsView.swift */; };
		A1000100A /* FocusOverlay.swift in Sources */ = {isa = PBXBuildFile; fileRef = A1000200A /* FocusOverlay.swift */; };
		A1000100B /* DayCard.swift in Sources */ = {isa = PBXBuildFile; fileRef = A1000200B /* DayCard.swift */; };
		A1000100C /* ProblemRow.swift in Sources */ = {isa = PBXBuildFile; fileRef = A1000200C /* ProblemRow.swift */; };
		A1000100D /* Assets.xcassets in Resources */ = {isa = PBXBuildFile; fileRef = A1000200D /* Assets.xcassets */; };
		A1000100E /* NotificationManager.swift in Sources */ = {isa = PBXBuildFile; fileRef = A1000200F /* NotificationManager.swift */; };
		A1000100F /* SettingsView.swift in Sources */ = {isa = PBXBuildFile; fileRef = A10002010 /* SettingsView.swift */; };
		A10001010 /* SharedDataStore.swift in Sources */ = {isa = PBXBuildFile; fileRef = A10002011 /* SharedDataStore.swift */; };
		A10001011 /* FloatingWidgetView.swift in Sources */ = {isa = PBXBuildFile; fileRef = A10002012 /* FloatingWidgetView.swift */; };
		A10001012 /* FloatingPanelController.swift in Sources */ = {isa = PBXBuildFile; fileRef = A10002013 /* FloatingPanelController.swift */; };
		A10001013 /* LeetCodeService.swift in Sources */ = {isa = PBXBuildFile; fileRef = A10002014 /* LeetCodeService.swift */; };
/* End PBXBuildFile section */

/* Begin PBXFileReference section */
		A10002001 /* DSAFocusApp.swift */ = {isa = PBXFileReference; lastKnownFileType = sourcecode.swift; path = DSAFocusApp.swift; sourceTree = "<group>"; };
		A10002002 /* DSAPlan.swift */ = {isa = PBXFileReference; lastKnownFileType = sourcecode.swift; path = DSAPlan.swift; sourceTree = "<group>"; };
		A10002003 /* AppData.swift */ = {isa = PBXFileReference; lastKnownFileType = sourcecode.swift; path = AppData.swift; sourceTree = "<group>"; };
		A10002004 /* DataStore.swift */ = {isa = PBXFileReference; lastKnownFileType = sourcecode.swift; path = DataStore.swift; sourceTree = "<group>"; };
		A10002005 /* Colors.swift */ = {isa = PBXFileReference; lastKnownFileType = sourcecode.swift; path = Colors.swift; sourceTree = "<group>"; };
		A10002006 /* ContentView.swift */ = {isa = PBXFileReference; lastKnownFileType = sourcecode.swift; path = ContentView.swift; sourceTree = "<group>"; };
		A10002007 /* PlanView.swift */ = {isa = PBXFileReference; lastKnownFileType = sourcecode.swift; path = PlanView.swift; sourceTree = "<group>"; };
		A10002008 /* TodayView.swift */ = {isa = PBXFileReference; lastKnownFileType = sourcecode.swift; path = TodayView.swift; sourceTree = "<group>"; };
		A10002009 /* StatsView.swift */ = {isa = PBXFileReference; lastKnownFileType = sourcecode.swift; path = StatsView.swift; sourceTree = "<group>"; };
		A1000200A /* FocusOverlay.swift */ = {isa = PBXFileReference; lastKnownFileType = sourcecode.swift; path = FocusOverlay.swift; sourceTree = "<group>"; };
		A1000200B /* DayCard.swift */ = {isa = PBXFileReference; lastKnownFileType = sourcecode.swift; path = DayCard.swift; sourceTree = "<group>"; };
		A1000200C /* ProblemRow.swift */ = {isa = PBXFileReference; lastKnownFileType = sourcecode.swift; path = ProblemRow.swift; sourceTree = "<group>"; };
		A1000200D /* Assets.xcassets */ = {isa = PBXFileReference; lastKnownFileType = folder.assetcatalog; path = Assets.xcassets; sourceTree = "<group>"; };
		A1000200E /* DSAFocusApp.entitlements */ = {isa = PBXFileReference; lastKnownFileType = text.plist.entitlements; path = DSAFocusApp.entitlements; sourceTree = "<group>"; };
		A1000200F /* NotificationManager.swift */ = {isa = PBXFileReference; lastKnownFileType = sourcecode.swift; path = NotificationManager.swift; sourceTree = "<group>"; };
		A10002010 /* SettingsView.swift */ = {isa = PBXFileReference; lastKnownFileType = sourcecode.swift; path = SettingsView.swift; sourceTree = "<group>"; };
		A10002011 /* SharedDataStore.swift */ = {isa = PBXFileReference; lastKnownFileType = sourcecode.swift; path = SharedDataStore.swift; sourceTree = "<group>"; };
		A10002012 /* FloatingWidgetView.swift */ = {isa = PBXFileReference; lastKnownFileType = sourcecode.swift; path = FloatingWidgetView.swift; sourceTree = "<group>"; };
		A10002013 /* FloatingPanelController.swift */ = {isa = PBXFileReference; lastKnownFileType = sourcecode.swift; path = FloatingPanelController.swift; sourceTree = "<group>"; };
		A10002014 /* LeetCodeService.swift */ = {isa = PBXFileReference; lastKnownFileType = sourcecode.swift; path = LeetCodeService.swift; sourceTree = "<group>"; };
		A10003001 /* DSAFocusApp.app */ = {isa = PBXFileReference; explicitFileType = wrapper.application; includeInIndex = 0; path = DSAFocusApp.app; sourceTree = BUILT_PRODUCTS_DIR; };
/* End PBXFileReference section */

/* Begin PBXFrameworksBuildPhase section */
		A10004001 /* Frameworks */ = {
			isa = PBXFrameworksBuildPhase;
			buildActionMask = 2147483647;
			files = (
			);
			runOnlyForDeploymentPostprocessing = 0;
		};
/* End PBXFrameworksBuildPhase section */

/* Begin PBXGroup section */
		A10005001 = {
			isa = PBXGroup;
			children = (
				A10005002 /* DSAFocusApp */,
				A10005003 /* Products */,
			);
			sourceTree = "<group>";
		};
		A10005002 /* DSAFocusApp */ = {
			isa = PBXGroup;
			children = (
				A10002001 /* DSAFocusApp.swift */,
				A1000200E /* DSAFocusApp.entitlements */,
				A1000200D /* Assets.xcassets */,
				A10005004 /* Models */,
				A10005005 /* Views */,
				A10005006 /* Helpers */,
				A10005007 /* Shared */,
			);
			path = DSAFocusApp;
			sourceTree = "<group>";
		};
		A10005003 /* Products */ = {
			isa = PBXGroup;
			children = (
				A10003001 /* DSAFocusApp.app */,
			);
			name = Products;
			sourceTree = "<group>";
		};
		A10005004 /* Models */ = {
			isa = PBXGroup;
			children = (
				A10002002 /* DSAPlan.swift */,
				A10002003 /* AppData.swift */,
				A10002004 /* DataStore.swift */,
				A1000200F /* NotificationManager.swift */,
				A10002014 /* LeetCodeService.swift */,
			);
			path = Models;
			sourceTree = "<group>";
		};
		A10005005 /* Views */ = {
			isa = PBXGroup;
			children = (
				A10002006 /* ContentView.swift */,
				A10002007 /* PlanView.swift */,
				A10002008 /* TodayView.swift */,
				A10002009 /* StatsView.swift */,
				A1000200A /* FocusOverlay.swift */,
				A1000200B /* DayCard.swift */,
				A1000200C /* ProblemRow.swift */,
				A10002010 /* SettingsView.swift */,
				A10002012 /* FloatingWidgetView.swift */,
			);
			path = Views;
			sourceTree = "<group>";
		};
		A10005006 /* Helpers */ = {
			isa = PBXGroup;
			children = (
				A10002005 /* Colors.swift */,
				A10002013 /* FloatingPanelController.swift */,
			);
			path = Helpers;
			sourceTree = "<group>";
		};
		A10005007 /* Shared */ = {
			isa = PBXGroup;
			children = (
				A10002011 /* SharedDataStore.swift */,
			);
			path = Shared;
			sourceTree = "<group>";
		};
/* End PBXGroup section */

/* Begin PBXNativeTarget section */
		A10006001 /* DSAFocusApp */ = {
			isa = PBXNativeTarget;
			buildConfigurationList = A10008001 /* Build configuration list for PBXNativeTarget "DSAFocusApp" */;
			buildPhases = (
				A10004002 /* Sources */,
				A10004001 /* Frameworks */,
				A10004003 /* Resources */,
			);
			buildRules = (
			);
			dependencies = (
			);
			name = DSAFocusApp;
			productName = DSAFocusApp;
			productReference = A10003001 /* DSAFocusApp.app */;
			productType = "com.apple.product-type.application";
		};
/* End PBXNativeTarget section */

/* Begin PBXProject section */
		A10007001 /* Project object */ = {
			isa = PBXProject;
			attributes = {
				BuildIndependentTargetsInParallel = 1;
				LastSwiftUpdateCheck = 1500;
				LastUpgradeCheck = 1500;
				TargetAttributes = {
					A10006001 = {
						CreatedOnToolsVersion = 15.0;
					};
				};
			};
			buildConfigurationList = A10008002 /* Build configuration list for PBXProject "DSAFocusApp" */;
			compatibilityVersion = "Xcode 14.0";
			developmentRegion = en;
			hasScannedForEncodings = 0;
			knownRegions = (
				en,
				Base,
			);
			mainGroup = A10005001;
			productRefGroup = A10005003 /* Products */;
			projectDirPath = "";
			projectRoot = "";
			targets = (
				A10006001 /* DSAFocusApp */,
			);
		};
/* End PBXProject section */

/* Begin PBXResourcesBuildPhase section */
		A10004003 /* Resources */ = {
			isa = PBXResourcesBuildPhase;
			buildActionMask = 2147483647;
			files = (
				A1000100D /* Assets.xcassets in Resources */,
			);
			runOnlyForDeploymentPostprocessing = 0;
		};
/* End PBXResourcesBuildPhase section */

/* Begin PBXSourcesBuildPhase section */
		A10004002 /* Sources */ = {
			isa = PBXSourcesBuildPhase;
			buildActionMask = 2147483647;
			files = (
				A10001001 /* DSAFocusApp.swift in Sources */,
				A10001002 /* DSAPlan.swift in Sources */,
				A10001003 /* AppData.swift in Sources */,
				A10001004 /* DataStore.swift in Sources */,
				A10001005 /* Colors.swift in Sources */,
				A10001006 /* ContentView.swift in Sources */,
				A10001007 /* PlanView.swift in Sources */,
				A10001008 /* TodayView.swift in Sources */,
				A10001009 /* StatsView.swift in Sources */,
				A1000100A /* FocusOverlay.swift in Sources */,
				A1000100B /* DayCard.swift in Sources */,
				A1000100C /* ProblemRow.swift in Sources */,
				A1000100E /* NotificationManager.swift in Sources */,
				A1000100F /* SettingsView.swift in Sources */,
				A10001010 /* SharedDataStore.swift in Sources */,
				A10001011 /* FloatingWidgetView.swift in Sources */,
				A10001012 /* FloatingPanelController.swift in Sources */,
				A10001013 /* LeetCodeService.swift in Sources */,
			);
			runOnlyForDeploymentPostprocessing = 0;
		};
/* End PBXSourcesBuildPhase section */

/* Begin XCBuildConfiguration section */
		A10009001 /* Debug */ = {
			isa = XCBuildConfiguration;
			buildSettings = {
				ALWAYS_SEARCH_USER_PATHS = NO;
				ASSETCATALOG_COMPILER_GENERATE_SWIFT_ASSET_SYMBOL_EXTENSIONS = YES;
				CLANG_ANALYZER_NONNULL = YES;
				CLANG_ANALYZER_NUMBER_OBJECT_CONVERSION = YES_AGGRESSIVE;
				CLANG_CXX_LANGUAGE_STANDARD = "gnu++20";
				CLANG_ENABLE_MODULES = YES;
				CLANG_ENABLE_OBJC_ARC = YES;
				CLANG_ENABLE_OBJC_WEAK = YES;
				CLANG_WARN_BLOCK_CAPTURE_AUTORELEASING = YES;
				CLANG_WARN_BOOL_CONVERSION = YES;
				CLANG_WARN_COMMA = YES;
				CLANG_WARN_CONSTANT_CONVERSION = YES;
				CLANG_WARN_DEPRECATED_OBJC_IMPLEMENTATIONS = YES;
				CLANG_WARN_DIRECT_OBJC_ISA_USAGE = YES_ERROR;
				CLANG_WARN_DOCUMENTATION_COMMENTS = YES;
				CLANG_WARN_EMPTY_BODY = YES;
				CLANG_WARN_ENUM_CONVERSION = YES;
				CLANG_WARN_INFINITE_RECURSION = YES;
				CLANG_WARN_INT_CONVERSION = YES;
				CLANG_WARN_NON_LITERAL_NULL_CONVERSION = YES;
				CLANG_WARN_OBJC_IMPLICIT_RETAIN_SELF = YES;
				CLANG_WARN_OBJC_LITERAL_CONVERSION = YES;
				CLANG_WARN_OBJC_ROOT_CLASS = YES_ERROR;
				CLANG_WARN_QUOTED_INCLUDE_IN_FRAMEWORK_HEADER = YES;
				CLANG_WARN_RANGE_LOOP_ANALYSIS = YES;
				CLANG_WARN_STRICT_PROTOTYPES = YES;
				CLANG_WARN_SUSPICIOUS_MOVE = YES;
				CLANG_WARN_UNGUARDED_AVAILABILITY = YES_AGGRESSIVE;
				CLANG_WARN_UNREACHABLE_CODE = YES;
				CLANG_WARN__DUPLICATE_METHOD_MATCH = YES;
				COPY_PHASE_STRIP = NO;
				DEBUG_INFORMATION_FORMAT = dwarf;
				ENABLE_STRICT_OBJC_MSGSEND = YES;
				ENABLE_TESTABILITY = YES;
				ENABLE_USER_SCRIPT_SANDBOXING = YES;
				GCC_C_LANGUAGE_STANDARD = gnu17;
				GCC_DYNAMIC_NO_PIC = NO;
				GCC_NO_COMMON_BLOCKS = YES;
				GCC_OPTIMIZATION_LEVEL = 0;
				GCC_PREPROCESSOR_DEFINITIONS = (
					"DEBUG=1",
					"$(inherited)",
				);
				GCC_WARN_64_TO_32_BIT_CONVERSION = YES;
				GCC_WARN_ABOUT_RETURN_TYPE = YES_ERROR;
				GCC_WARN_UNDECLARED_SELECTOR = YES;
				GCC_WARN_UNINITIALIZED_AUTOS = YES_AGGRESSIVE;
				GCC_WARN_UNUSED_FUNCTION = YES;
				GCC_WARN_UNUSED_VARIABLE = YES;
				LOCALIZATION_PREFERS_STRING_CATALOGS = YES;
				MACOSX_DEPLOYMENT_TARGET = 13.0;
				MTL_ENABLE_DEBUG_INFO = INCLUDE_SOURCE;
				MTL_FAST_MATH = YES;
				ONLY_ACTIVE_ARCH = YES;
				SDKROOT = macosx;
				SWIFT_ACTIVE_COMPILATION_CONDITIONS = "DEBUG $(inherited)";
				SWIFT_OPTIMIZATION_LEVEL = "-Onone";
			};
			name = Debug;
		};
		A10009002 /* Release */ = {
			isa = XCBuildConfiguration;
			buildSettings = {
				ALWAYS_SEARCH_USER_PATHS = NO;
				ASSETCATALOG_COMPILER_GENERATE_SWIFT_ASSET_SYMBOL_EXTENSIONS = YES;
				CLANG_ANALYZER_NONNULL = YES;
				CLANG_ANALYZER_NUMBER_OBJECT_CONVERSION = YES_AGGRESSIVE;
				CLANG_CXX_LANGUAGE_STANDARD = "gnu++20";
				CLANG_ENABLE_MODULES = YES;
				CLANG_ENABLE_OBJC_ARC = YES;
				CLANG_ENABLE_OBJC_WEAK = YES;
				CLANG_WARN_BLOCK_CAPTURE_AUTORELEASING = YES;
				CLANG_WARN_BOOL_CONVERSION = YES;
				CLANG_WARN_COMMA = YES;
				CLANG_WARN_CONSTANT_CONVERSION = YES;
				CLANG_WARN_DEPRECATED_OBJC_IMPLEMENTATIONS = YES;
				CLANG_WARN_DIRECT_OBJC_ISA_USAGE = YES_ERROR;
				CLANG_WARN_DOCUMENTATION_COMMENTS = YES;
				CLANG_WARN_EMPTY_BODY = YES;
				CLANG_WARN_ENUM_CONVERSION = YES;
				CLANG_WARN_INFINITE_RECURSION = YES;
				CLANG_WARN_INT_CONVERSION = YES;
				CLANG_WARN_NON_LITERAL_NULL_CONVERSION = YES;
				CLANG_WARN_OBJC_IMPLICIT_RETAIN_SELF = YES;
				CLANG_WARN_OBJC_LITERAL_CONVERSION = YES;
				CLANG_WARN_OBJC_ROOT_CLASS = YES_ERROR;
				CLANG_WARN_QUOTED_INCLUDE_IN_FRAMEWORK_HEADER = YES;
				CLANG_WARN_RANGE_LOOP_ANALYSIS = YES;
				CLANG_WARN_STRICT_PROTOTYPES = YES;
				CLANG_WARN_SUSPICIOUS_MOVE = YES;
				CLANG_WARN_UNGUARDED_AVAILABILITY = YES_AGGRESSIVE;
				CLANG_WARN_UNREACHABLE_CODE = YES;
				CLANG_WARN__DUPLICATE_METHOD_MATCH = YES;
				COPY_PHASE_STRIP = NO;
				DEBUG_INFORMATION_FORMAT = "dwarf-with-dsym";
				ENABLE_NS_ASSERTIONS = NO;
				ENABLE_STRICT_OBJC_MSGSEND = YES;
				ENABLE_USER_SCRIPT_SANDBOXING = YES;
				GCC_C_LANGUAGE_STANDARD = gnu17;
				GCC_NO_COMMON_BLOCKS = YES;
				GCC_WARN_64_TO_32_BIT_CONVERSION = YES;
				GCC_WARN_ABOUT_RETURN_TYPE = YES_ERROR;
				GCC_WARN_UNDECLARED_SELECTOR = YES;
				GCC_WARN_UNINITIALIZED_AUTOS = YES_AGGRESSIVE;
				GCC_WARN_UNUSED_FUNCTION = YES;
				GCC_WARN_UNUSED_VARIABLE = YES;
				LOCALIZATION_PREFERS_STRING_CATALOGS = YES;
				MACOSX_DEPLOYMENT_TARGET = 13.0;
				MTL_ENABLE_DEBUG_INFO = NO;
				MTL_FAST_MATH = YES;
				SDKROOT = macosx;
				SWIFT_COMPILATION_MODE = wholemodule;
			};
			name = Release;
		};
		A10009003 /* Debug */ = {
			isa = XCBuildConfiguration;
			buildSettings = {
				ALWAYS_EMBED_SWIFT_STANDARD_LIBRARIES = YES;
				ASSETCATALOG_COMPILER_APPICON_NAME = AppIcon;
				ASSETCATALOG_COMPILER_GLOBAL_ACCENT_COLOR_NAME = AccentColor;
				CODE_SIGN_ENTITLEMENTS = DSAFocusApp/DSAFocusApp.entitlements;
				CODE_SIGN_STYLE = Automatic;
				COMBINE_HIDPI_IMAGES = YES;
				CURRENT_PROJECT_VERSION = 1;
				DEVELOPMENT_ASSET_PATHS = "";
				DEVELOPMENT_TEAM = V29G6KEVJT;
				ENABLE_PREVIEWS = YES;
				GENERATE_INFOPLIST_FILE = YES;
				INFOPLIST_KEY_LSApplicationCategoryType = "public.app-category.productivity";
				INFOPLIST_KEY_NSHumanReadableCopyright = "";
				LD_RUNPATH_SEARCH_PATHS = (
					"$(inherited)",
					"@executable_path/../Frameworks",
				);
				MARKETING_VERSION = 1.0;
				PRODUCT_BUNDLE_IDENTIFIER = com.dsafocus.DSAFocusApp;
				PRODUCT_NAME = "$(TARGET_NAME)";
				SWIFT_EMIT_LOC_STRINGS = YES;
				SWIFT_VERSION = 5.0;
			};
			name = Debug;
		};
		A10009004 /* Release */ = {
			isa = XCBuildConfiguration;
			buildSettings = {
				ALWAYS_EMBED_SWIFT_STANDARD_LIBRARIES = YES;
				ASSETCATALOG_COMPILER_APPICON_NAME = AppIcon;
				ASSETCATALOG_COMPILER_GLOBAL_ACCENT_COLOR_NAME = AccentColor;
				CODE_SIGN_ENTITLEMENTS = DSAFocusApp/DSAFocusApp.entitlements;
				CODE_SIGN_STYLE = Automatic;
				COMBINE_HIDPI_IMAGES = YES;
				CURRENT_PROJECT_VERSION = 1;
				DEVELOPMENT_ASSET_PATHS = "";
				DEVELOPMENT_TEAM = V29G6KEVJT;
				ENABLE_PREVIEWS = YES;
				GENERATE_INFOPLIST_FILE = YES;
				INFOPLIST_KEY_LSApplicationCategoryType = "public.app-category.productivity";
				INFOPLIST_KEY_NSHumanReadableCopyright = "";
				LD_RUNPATH_SEARCH_PATHS = (
					"$(inherited)",
					"@executable_path/../Frameworks",
				);
				MARKETING_VERSION = 1.0;
				PRODUCT_BUNDLE_IDENTIFIER = com.dsafocus.DSAFocusApp;
				PRODUCT_NAME = "$(TARGET_NAME)";
				SWIFT_EMIT_LOC_STRINGS = YES;
				SWIFT_VERSION = 5.0;
			};
			name = Release;
		};
/* End XCBuildConfiguration section */

/* Begin XCConfigurationList section */
		A10008001 /* Build configuration list for PBXNativeTarget "DSAFocusApp" */ = {
			isa = XCConfigurationList;
			buildConfigurations = (
				A10009003 /* Debug */,
				A10009004 /* Release */,
			);
			defaultConfigurationIsVisible = 0;
			defaultConfigurationName = Release;
		};
		A10008002 /* Build configuration list for PBXProject "DSAFocusApp" */ = {
			isa = XCConfigurationList;
			buildConfigurations = (
				A10009001 /* Debug */,
				A10009002 /* Release */,
			);
			defaultConfigurationIsVisible = 0;
			defaultConfigurationName = Release;
		};
/* End XCConfigurationList section */
	};
	rootObject = A10007001 /* Project object */;
}
