{
  "originHash" : "687be4eee94ea4b54ba9b68b14ad1a120565625898dd7325c35ebabbeea55943",
  "pins" : [
    {
      "identity" : "dsfocusflow",
      "kind" : "remoteSourceControl",
      "location" : "https://github.com/Ashim986/DSFocusFlow.git",
      "state" : {
        "revision" : "e88f52a5854b67e5010e23da5b23cd07f0695136",
        "version" : "1.0.1"
      }
    }
  ],
  "version" : 3
}
